
Microsoft Visual Studio Solution File, Format Version 12.00
# Visual Studio Version 16
VisualStudioVersion = 16.0.30309.148
MinimumVisualStudioVersion = 10.0.40219.1
Project("{FAE04EC0-301F-11D3-BF4B-00C04F79EFBC}") = "MyCodingArena", "MyCodingArena\MyCodingArena.csproj", "{30576E6F-BF87-4EF0-95ED-F08FFDB4AEE9}"
EndProject
Global
	GlobalSection(SolutionConfigurationPlatforms) = preSolution
		Debug|Any CPU = Debug|Any CPU
		Release|Any CPU = Release|Any CPU
	EndGlobalSection
	GlobalSection(ProjectConfigurationPlatforms) = postSolution
		{30576E6F-BF87-4EF0-95ED-F08FFDB4AEE9}.Debug|Any CPU.ActiveCfg = Debug|Any CPU
		{30576E6F-BF87-4EF0-95ED-F08FFDB4AEE9}.Debug|Any CPU.Build.0 = Debug|Any CPU
		{30576E6F-BF87-4EF0-95ED-F08FFDB4AEE9}.Release|Any CPU.ActiveCfg = Release|Any CPU
		{30576E6F-BF87-4EF0-95ED-F08FFDB4AEE9}.Release|Any CPU.Build.0 = Release|Any CPU
	EndGlobalSection
	GlobalSection(SolutionProperties) = preSolution
		HideSolutionNode = FALSE
	EndGlobalSection
	GlobalSection(ExtensibilityGlobals) = postSolution
		SolutionGuid = {B4EF12CF-6822-444E-AC96-F02AB1953F52}
	EndGlobalSection
EndGlobal
